{
  "lockfileVersion": 1,
  "configVersion": 1,
  "workspaces": {
    "": {
      "name": "better-ai",
      "dependencies": {
        "@clack/prompts": "^1.1.0",
        "@trpc/server": "^11.13.4",
        "better-result": "^2.8.1",
        "execa": "^9.6.1",
        "picocolors": "^1.1.1",
        "smol-toml": "^1.6.1",
        "tinyglobby": "^0.2.15",
        "trpc-cli": "^0.13.0",
        "zod": "^4.3.6",
      },
      "devDependencies": {
        "@types/node": "^25.5.0",
        "oxfmt": "^0.45.0",
        "oxlint": "^1.60.0",
        "typescript": "^5.9.3",
      },
    },
  },
  "packages": {
    "@clack/core": ["@clack/core@1.1.0", "", { "dependencies": { "sisteransi": "^1.0.5" } }, "sha512-SVcm4Dqm2ukn64/8Gub2wnlA5nS2iWJyCkdNHcvNHPIeBTGojpdJ+9cZKwLfmqy7irD4N5qLteSilJlE0WLAtA=="],

    "@clack/prompts": ["@clack/prompts@1.1.0", "", { "dependencies": { "@clack/core": "1.1.0", "sisteransi": "^1.0.5" } }, "sha512-pkqbPGtohJAvm4Dphs2M8xE29ggupihHdy1x84HNojZuMtFsHiUlRvqD24tM2+XmI+61LlfNceM3Wr7U5QES5g=="],

    "@oxfmt/binding-android-arm-eabi": ["@oxfmt/binding-android-arm-eabi@0.45.0", "", { "os": "android", "cpu": "arm" }, "sha512-A/UMxFob1fefCuMeGxQBulGfFE38g2Gm23ynr3u6b+b7fY7/ajGbNsa3ikMIkGMLJW/TRoQaMoP1kME7S+815w=="],

    "@oxfmt/binding-android-arm64": ["@oxfmt/binding-android-arm64@0.45.0", "", { "os": "android", "cpu": "arm64" }, "sha512-L63z4uZmHjgvvqvMJD7mwff8aSBkM0+X4uFr6l6U5t6+Qc9DCLVZWIunJ7Gm4fn4zHPdSq6FFQnhu9yqqobxIg=="],

    "@oxfmt/binding-darwin-arm64": ["@oxfmt/binding-darwin-arm64@0.45.0", "", { "os": "darwin", "cpu": "arm64" }, "sha512-UV34dd623FzqT+outIGndsCA/RBB+qgB3XVQhgmmJ9PJwa37NzPC9qzgKeOhPKxVk2HW+JKldQrVL54zs4Noww=="],

    "@oxfmt/binding-darwin-x64": ["@oxfmt/binding-darwin-x64@0.45.0", "", { "os": "darwin", "cpu": "x64" }, "sha512-pMNJv0CMa1pDefVPeNbuQxibh8ITpWDFEhMC/IBB9Zlu76EbgzYwrzI4Cb11mqX2+rIYN70UTrh3z06TM59ptQ=="],

    "@oxfmt/binding-freebsd-x64": ["@oxfmt/binding-freebsd-x64@0.45.0", "", { "os": "freebsd", "cpu": "x64" }, "sha512-xTcRoxbbo61sW2+ZRPeH+vp/o9G8gkdhiVumFU+TpneiPm14c79l6GFlxPXlCE9bNWikigbsrvJw46zCVAQFfg=="],

    "@oxfmt/binding-linux-arm-gnueabihf": ["@oxfmt/binding-linux-arm-gnueabihf@0.45.0", "", { "os": "linux", "cpu": "arm" }, "sha512-hWL8Hdni+3U1mPFx1UtWeGp3tNb6EhBAUHRMbKUxVkOp3WwoJbpVO2bfUVbS4PfpledviXXNHSTl1veTa6FhkQ=="],

    "@oxfmt/binding-linux-arm-musleabihf": ["@oxfmt/binding-linux-arm-musleabihf@0.45.0", "", { "os": "linux", "cpu": "arm" }, "sha512-6Blt/0OBT7vvfQpqYuYbpbFLPqSiaYpEJzUUWhinPEuADypDbtV1+LdjM0vYBNGPvnj85ex7lTerEX6JGcPt9w=="],

    "@oxfmt/binding-linux-arm64-gnu": ["@oxfmt/binding-linux-arm64-gnu@0.45.0", "", { "os": "linux", "cpu": "arm64" }, "sha512-jLjoLfe+hGfjhA8hNBSdw85yCA8ePKq7ME4T+g6P9caQXvmt6IhE2X7iVjnVdkmYUWEzZrxlh4p6RkDmAMJY/A=="],

    "@oxfmt/binding-linux-arm64-musl": ["@oxfmt/binding-linux-arm64-musl@0.45.0", "", { "os": "linux", "cpu": "arm64" }, "sha512-XQKXZIKYJC3GQJ8FnD3iMntpw69Wd9kDDK/Xt79p6xnFYlGGxSNv2vIBvRTDg5CKByWFWWZLCRDOXoP/m6YN4g=="],

    "@oxfmt/binding-linux-ppc64-gnu": ["@oxfmt/binding-linux-ppc64-gnu@0.45.0", "", { "os": "linux", "cpu": "ppc64" }, "sha512-+g5RiG+xOkdrCWkKodv407nTvMq4vYM18Uox2MhZBm/YoqFxxJpWKsloskFFG5NU13HGPw1wzYjjOVcyd9moCA=="],

    "@oxfmt/binding-linux-riscv64-gnu": ["@oxfmt/binding-linux-riscv64-gnu@0.45.0", "", { "os": "linux", "cpu": "none" }, "sha512-V7dXKoSyEbWAkkSF4JJNtF+NJZDmJoSarSoP30WCsB3X636Rehd3CvxBj49FIJxEBFWhvcUjGSHVeU8Erck1bQ=="],

    "@oxfmt/binding-linux-riscv64-musl": ["@oxfmt/binding-linux-riscv64-musl@0.45.0", "", { "os": "linux", "cpu": "none" }, "sha512-Vdelft1sAEYojVGgcODEFXSWYQYlIvoyIGWebKCuUibd1tvS1TjTx413xG2ZLuHpYj45CkN/ztMLMX6jrgqpgg=="],

    "@oxfmt/binding-linux-s390x-gnu": ["@oxfmt/binding-linux-s390x-gnu@0.45.0", "", { "os": "linux", "cpu": "s390x" }, "sha512-RR7xKgNpqwENnK0aYCGYg0JycY2n93J0reNjHyes+I9Gq52dH95x+CBlnlAQHCPfz6FGnKA9HirgUl14WO6o7w=="],

    "@oxfmt/binding-linux-x64-gnu": ["@oxfmt/binding-linux-x64-gnu@0.45.0", "", { "os": "linux", "cpu": "x64" }, "sha512-U/QQ0+BQNSHxjuXR/utvXnQ50Vu5kUuqEomZvQ1/3mhgbBiMc2WU9q5kZ5WwLp3gnFIx9ibkveoRSe2EZubkqg=="],

    "@oxfmt/binding-linux-x64-musl": ["@oxfmt/binding-linux-x64-musl@0.45.0", "", { "os": "linux", "cpu": "x64" }, "sha512-o5TLOUCF0RWQjsIS06yVC+kFgp092/yLe6qBGSUvtnmTVw9gxjpdQSXc3VN5Cnive4K11HNstEZF8ROKHfDFSw=="],

    "@oxfmt/binding-openharmony-arm64": ["@oxfmt/binding-openharmony-arm64@0.45.0", "", { "os": "none", "cpu": "arm64" }, "sha512-RnGcV3HgPuOjsGx/k9oyRNKmOp+NBLGzZTdPDYbc19r7NGeYPplnUU/BfU35bX2Y/O4ejvHxcfkvW2WoYL/gsg=="],

    "@oxfmt/binding-win32-arm64-msvc": ["@oxfmt/binding-win32-arm64-msvc@0.45.0", "", { "os": "win32", "cpu": "arm64" }, "sha512-v3Vj7iKKsUFwt9w5hsqIIoErKVoENC6LoqfDlteOQ5QMDCXihlqLoxpmviUhXnNncg4zV6U9BPwlBbwa+qm4wg=="],

    "@oxfmt/binding-win32-ia32-msvc": ["@oxfmt/binding-win32-ia32-msvc@0.45.0", "", { "os": "win32", "cpu": "ia32" }, "sha512-N8yotPBX6ph0H3toF4AEpdCeVPrdcSetj+8eGiZGsrLsng3bs/Q5HPu4bbSxip5GBPx5hGbGHrZwH4+rcrjhHA=="],

    "@oxfmt/binding-win32-x64-msvc": ["@oxfmt/binding-win32-x64-msvc@0.45.0", "", { "os": "win32", "cpu": "x64" }, "sha512-w5MMTRCK1dpQeRA+HHqXQXyN33DlG/N2LOYxJmaT4fJjcmZrbNnqw7SmIk7I2/a2493PPLZ+2E/Ar6t2iKVMug=="],

    "@oxlint/binding-android-arm-eabi": ["@oxlint/binding-android-arm-eabi@1.60.0", "", { "os": "android", "cpu": "arm" }, "sha512-YdeJKaZckDQL1qa62a1aKq/goyq48aX3yOxaaWqWb4sau4Ee4IiLbamftNLU3zbePky6QsDj6thnSSzHRBjDfA=="],

    "@oxlint/binding-android-arm64": ["@oxlint/binding-android-arm64@1.60.0", "", { "os": "android", "cpu": "arm64" }, "sha512-7ANS7PpXCfq84xZQ8E5WPs14gwcuPcl+/8TFNXfpSu0CQBXz3cUo2fDpHT8v8HJN+Ut02eacvMAzTnc9s6X4tw=="],

    "@oxlint/binding-darwin-arm64": ["@oxlint/binding-darwin-arm64@1.60.0", "", { "os": "darwin", "cpu": "arm64" }, "sha512-pJsgd9AfplLGBm1fIr25V6V14vMrayhx4uIQvlfH7jWs2SZwSrvi3TfgfJySB8T+hvyEH8K2zXljQiUnkgUnfQ=="],

    "@oxlint/binding-darwin-x64": ["@oxlint/binding-darwin-x64@1.60.0", "", { "os": "darwin", "cpu": "x64" }, "sha512-Ue1aXHX49ivwflKqGJc7zcd/LeLgbhaTcDCQStgx5x06AXgjEAZmvrlMuIkWd4AL4FHQe6QJ9f33z04Cg448VQ=="],

    "@oxlint/binding-freebsd-x64": ["@oxlint/binding-freebsd-x64@1.60.0", "", { "os": "freebsd", "cpu": "x64" }, "sha512-YCyQzsQtusQw+gNRW9rRTifSO+Dt/+dtCl2NHoDMZqJlRTEZ/Oht9YnuporI9yiTx7+cB+eqzX3MtHHVHGIWhg=="],

    "@oxlint/binding-linux-arm-gnueabihf": ["@oxlint/binding-linux-arm-gnueabihf@1.60.0", "", { "os": "linux", "cpu": "arm" }, "sha512-c7dxM2Zksa45Qw16i2iGY3Fti2NirJ38FrsBsKw+qcJ0OtqTsBgKJLF0xV+yLG56UH01Z8WRPgsw31e0MoRoGQ=="],

    "@oxlint/binding-linux-arm-musleabihf": ["@oxlint/binding-linux-arm-musleabihf@1.60.0", "", { "os": "linux", "cpu": "arm" }, "sha512-ZWALoA42UYqBEP1Tbw9OWURgFGS1nWj2AAvLdY6ZcGx/Gj93qVCBKjcvwXMupZibYwFbi9s/rzqkZseb/6gVtQ=="],

    "@oxlint/binding-linux-arm64-gnu": ["@oxlint/binding-linux-arm64-gnu@1.60.0", "", { "os": "linux", "cpu": "arm64" }, "sha512-tpy+1w4p9hN5CicMCxqNy6ymfRtV5ayE573vFNjp1k1TN/qhLFgflveZoE/0++RlkHikBz2vY545NWm/hp7big=="],

    "@oxlint/binding-linux-arm64-musl": ["@oxlint/binding-linux-arm64-musl@1.60.0", "", { "os": "linux", "cpu": "arm64" }, "sha512-eDYDXZGhQAXyn6GwtwiX/qcLS0HlOLPJ/+iiIY8RYr+3P8oKBmgKxADLlniL6FtWfE7pPk7IGN9/xvDEvDvFeg=="],

    "@oxlint/binding-linux-ppc64-gnu": ["@oxlint/binding-linux-ppc64-gnu@1.60.0", "", { "os": "linux", "cpu": "ppc64" }, "sha512-nxehly5XYBHUWI9VJX1bqCf9j/B43DaK/aS/T1fcxCpX3PA4Rm9BB54nPD1CKayT8xg6REN1ao+01hSRNgy8OA=="],

    "@oxlint/binding-linux-riscv64-gnu": ["@oxlint/binding-linux-riscv64-gnu@1.60.0", "", { "os": "linux", "cpu": "none" }, "sha512-j1qf/NaUfOWQutjeoooNG1Q0zsK0XGmSu1uDLq3cctquRF3j7t9Hxqf/76ehCc5GEUAanth2W4Fa+XT1RFg/nw=="],

    "@oxlint/binding-linux-riscv64-musl": ["@oxlint/binding-linux-riscv64-musl@1.60.0", "", { "os": "linux", "cpu": "none" }, "sha512-YELKPRefQ/q/h3RUmeRfPCUhh2wBvgV1RyZ/F9M9u8cDyXsQW2ojv1DeWQTt466yczDITjZnIOg/s05pk7Ve2A=="],

    "@oxlint/binding-linux-s390x-gnu": ["@oxlint/binding-linux-s390x-gnu@1.60.0", "", { "os": "linux", "cpu": "s390x" }, "sha512-JkO3C6Gki7Y6h/MiIkFKvHFOz98/YWvQ4WYbK9DLXACMP2rjULzkeGyAzorJE5S1dzLQGFgeqvN779kSFwoV1g=="],

    "@oxlint/binding-linux-x64-gnu": ["@oxlint/binding-linux-x64-gnu@1.60.0", "", { "os": "linux", "cpu": "x64" }, "sha512-XjKHdFVCpZZZSWBCKyyqCq65s2AKXykMXkjLoKYODrD+f5toLhlwsMESscu8FbgnJQ4Y/dpR/zdazsahmgBJIA=="],

    "@oxlint/binding-linux-x64-musl": ["@oxlint/binding-linux-x64-musl@1.60.0", "", { "os": "linux", "cpu": "x64" }, "sha512-js29ZWIuPhNWzY8NC7KoffEMEeWG105vbmm+8EOJsC+T/jHBiKIJEUF78+F/IrgEWMMP9N0kRND4Pp75+xAhKg=="],

    "@oxlint/binding-openharmony-arm64": ["@oxlint/binding-openharmony-arm64@1.60.0", "", { "os": "none", "cpu": "arm64" }, "sha512-H+PUITKHk04stFpWj3x3Kg08Afp/bcXSBi0EhasR5a0Vw7StXHTzdl655PUI0fB4qdh2Wsu6Dsi+3ACxPoyQnA=="],

    "@oxlint/binding-win32-arm64-msvc": ["@oxlint/binding-win32-arm64-msvc@1.60.0", "", { "os": "win32", "cpu": "arm64" }, "sha512-WA/yc7f7ZfCefBXVzNHn1Ztulb1EFwNBb4jMZ6pjML0zz6pHujlF3Q3jySluz3XHl/GNeMTntG1seUBWVMlMag=="],

    "@oxlint/binding-win32-ia32-msvc": ["@oxlint/binding-win32-ia32-msvc@1.60.0", "", { "os": "win32", "cpu": "ia32" }, "sha512-33YxL1sqwYNZXtn3MD/4dno6s0xeedXOJlT1WohkVD565WvohClZUr7vwKdAk954n4xiEWJkewiCr+zLeq7AeA=="],

    "@oxlint/binding-win32-x64-msvc": ["@oxlint/binding-win32-x64-msvc@1.60.0", "", { "os": "win32", "cpu": "x64" }, "sha512-JOro4ZcfBLamJCyfURQmOQByoorgOdx3ZjAkSqnb/CyG/i+lN3KoV5LAgk5ZAW6DPq7/Cx7n23f8DuTWXTWgyQ=="],

    "@sec-ant/readable-stream": ["@sec-ant/readable-stream@0.4.1", "", {}, "sha512-831qok9r2t8AlxLko40y2ebgSDhenenCatLVeW/uBtnHPyhHOvG0C7TvfgecV+wHzIm5KUICgzmVpWS+IMEAeg=="],

    "@sindresorhus/merge-streams": ["@sindresorhus/merge-streams@4.0.0", "", {}, "sha512-tlqY9xq5ukxTUZBmoOp+m61cqwQD5pHJtFY3Mn8CA8ps6yghLH/Hw8UPdqg4OLmFW3IFlcXnQNmo/dh8HzXYIQ=="],

    "@trpc/server": ["@trpc/server@11.13.4", "", { "peerDependencies": { "typescript": ">=5.7.2" } }, "sha512-SZmLwi43KSp1D3jp2aPuzqhC644gIy87hgFuD9xWCTwFspH9Pr5DO2/JmpWjCqybTG2fTuKYzxFYLUGjTY5LGg=="],

    "@types/node": ["@types/node@25.5.0", "", { "dependencies": { "undici-types": "~7.18.0" } }, "sha512-jp2P3tQMSxWugkCUKLRPVUpGaL5MVFwF8RDuSRztfwgN1wmqJeMSbKlnEtQqU8UrhTmzEmZdu2I6v2dpp7XIxw=="],

    "better-result": ["better-result@2.8.1", "", {}, "sha512-C4FQ1gCLz1YCxmM8HhNPb4D7WQmdrdllkhNReeLwvIVtJKQFKKfwJwmM3yZEBG4P34cLtrgB+FEPr1u553hF7Q=="],

    "commander": ["commander@14.0.3", "", {}, "sha512-H+y0Jo/T1RZ9qPP4Eh1pkcQcLRglraJaSLoyOtHxu6AapkjWVCy2Sit1QQ4x3Dng8qDlSsZEet7g5Pq06MvTgw=="],

    "cross-spawn": ["cross-spawn@7.0.6", "", { "dependencies": { "path-key": "^3.1.0", "shebang-command": "^2.0.0", "which": "^2.0.1" } }, "sha512-uV2QOWP2nWzsy2aMp8aRibhi9dlzF5Hgh5SHaB9OiTGEyDTiJJyx0uy51QXdyWbtAHNua4XJzUKca3OzKUd3vA=="],

    "execa": ["execa@9.6.1", "", { "dependencies": { "@sindresorhus/merge-streams": "^4.0.0", "cross-spawn": "^7.0.6", "figures": "^6.1.0", "get-stream": "^9.0.0", "human-signals": "^8.0.1", "is-plain-obj": "^4.1.0", "is-stream": "^4.0.1", "npm-run-path": "^6.0.0", "pretty-ms": "^9.2.0", "signal-exit": "^4.1.0", "strip-final-newline": "^4.0.0", "yoctocolors": "^2.1.1" } }, "sha512-9Be3ZoN4LmYR90tUoVu2te2BsbzHfhJyfEiAVfz7N5/zv+jduIfLrV2xdQXOHbaD6KgpGdO9PRPM1Y4Q9QkPkA=="],

    "fdir": ["fdir@6.5.0", "", { "peerDependencies": { "picomatch": "^3 || ^4" }, "optionalPeers": ["picomatch"] }, "sha512-tIbYtZbucOs0BRGqPJkshJUYdL+SDH7dVM8gjy+ERp3WAUjLEFJE+02kanyHtwjWOnwrKYBiwAmM0p4kLJAnXg=="],

    "figures": ["figures@6.1.0", "", { "dependencies": { "is-unicode-supported": "^2.0.0" } }, "sha512-d+l3qxjSesT4V7v2fh+QnmFnUWv9lSpjarhShNTgBOfA0ttejbQUAlHLitbjkoRiDulW0OPoQPYIGhIC8ohejg=="],

    "get-stream": ["get-stream@9.0.1", "", { "dependencies": { "@sec-ant/readable-stream": "^0.4.1", "is-stream": "^4.0.1" } }, "sha512-kVCxPF3vQM/N0B1PmoqVUqgHP+EeVjmZSQn+1oCRPxd2P21P2F19lIgbR3HBosbB1PUhOAoctJnfEn2GbN2eZA=="],

    "human-signals": ["human-signals@8.0.1", "", {}, "sha512-eKCa6bwnJhvxj14kZk5NCPc6Hb6BdsU9DZcOnmQKSnO1VKrfV0zCvtttPZUsBvjmNDn8rpcJfpwSYnHBjc95MQ=="],

    "is-plain-obj": ["is-plain-obj@4.1.0", "", {}, "sha512-+Pgi+vMuUNkJyExiMBt5IlFoMyKnr5zhJ4Uspz58WOhBF5QoIZkFyNHIbBAtHwzVAgk5RtndVNsDRN61/mmDqg=="],

    "is-stream": ["is-stream@4.0.1", "", {}, "sha512-Dnz92NInDqYckGEUJv689RbRiTSEHCQ7wOVeALbkOz999YpqT46yMRIGtSNl2iCL1waAZSx40+h59NV/EwzV/A=="],

    "is-unicode-supported": ["is-unicode-supported@2.1.0", "", {}, "sha512-mE00Gnza5EEB3Ds0HfMyllZzbBrmLOX3vfWoj9A9PEnTfratQ/BcaJOuMhnkhjXvb2+FkY3VuHqtAGpTPmglFQ=="],

    "isexe": ["isexe@2.0.0", "", {}, "sha512-RHxMLp9lnKHGHRng9QFhRCMbYAcVpn69smSGcq3f36xjgVVWThj4qqLbTLlq7Ssj8B+fIQ1EuCEGI2lKsyQeIw=="],

    "npm-run-path": ["npm-run-path@6.0.0", "", { "dependencies": { "path-key": "^4.0.0", "unicorn-magic": "^0.3.0" } }, "sha512-9qny7Z9DsQU8Ou39ERsPU4OZQlSTP47ShQzuKZ6PRXpYLtIFgl/DEBYEXKlvcEa+9tHVcK8CF81Y2V72qaZhWA=="],

    "oxfmt": ["oxfmt@0.45.0", "", { "dependencies": { "tinypool": "2.1.0" }, "optionalDependencies": { "@oxfmt/binding-android-arm-eabi": "0.45.0", "@oxfmt/binding-android-arm64": "0.45.0", "@oxfmt/binding-darwin-arm64": "0.45.0", "@oxfmt/binding-darwin-x64": "0.45.0", "@oxfmt/binding-freebsd-x64": "0.45.0", "@oxfmt/binding-linux-arm-gnueabihf": "0.45.0", "@oxfmt/binding-linux-arm-musleabihf": "0.45.0", "@oxfmt/binding-linux-arm64-gnu": "0.45.0", "@oxfmt/binding-linux-arm64-musl": "0.45.0", "@oxfmt/binding-linux-ppc64-gnu": "0.45.0", "@oxfmt/binding-linux-riscv64-gnu": "0.45.0", "@oxfmt/binding-linux-riscv64-musl": "0.45.0", "@oxfmt/binding-linux-s390x-gnu": "0.45.0", "@oxfmt/binding-linux-x64-gnu": "0.45.0", "@oxfmt/binding-linux-x64-musl": "0.45.0", "@oxfmt/binding-openharmony-arm64": "0.45.0", "@oxfmt/binding-win32-arm64-msvc": "0.45.0", "@oxfmt/binding-win32-ia32-msvc": "0.45.0", "@oxfmt/binding-win32-x64-msvc": "0.45.0" }, "bin": { "oxfmt": "bin/oxfmt" } }, "sha512-0o/COoN9fY50bjVeM7PQsNgbhndKurBIeTIcspW033OumksjJJmIVDKjAk5HMwU/GHTxSOdGDdhJ6BRzGPmsHg=="],

    "oxlint": ["oxlint@1.60.0", "", { "optionalDependencies": { "@oxlint/binding-android-arm-eabi": "1.60.0", "@oxlint/binding-android-arm64": "1.60.0", "@oxlint/binding-darwin-arm64": "1.60.0", "@oxlint/binding-darwin-x64": "1.60.0", "@oxlint/binding-freebsd-x64": "1.60.0", "@oxlint/binding-linux-arm-gnueabihf": "1.60.0", "@oxlint/binding-linux-arm-musleabihf": "1.60.0", "@oxlint/binding-linux-arm64-gnu": "1.60.0", "@oxlint/binding-linux-arm64-musl": "1.60.0", "@oxlint/binding-linux-ppc64-gnu": "1.60.0", "@oxlint/binding-linux-riscv64-gnu": "1.60.0", "@oxlint/binding-linux-riscv64-musl": "1.60.0", "@oxlint/binding-linux-s390x-gnu": "1.60.0", "@oxlint/binding-linux-x64-gnu": "1.60.0", "@oxlint/binding-linux-x64-musl": "1.60.0", "@oxlint/binding-openharmony-arm64": "1.60.0", "@oxlint/binding-win32-arm64-msvc": "1.60.0", "@oxlint/binding-win32-ia32-msvc": "1.60.0", "@oxlint/binding-win32-x64-msvc": "1.60.0" }, "peerDependencies": { "oxlint-tsgolint": ">=0.18.0" }, "optionalPeers": ["oxlint-tsgolint"], "bin": { "oxlint": "bin/oxlint" } }, "sha512-tnRzTWiWJ9pg3ftRWnD0+Oqh78L6ZSwcEudvCZaER0PIqiAnNyXj5N1dPwjmNpDalkKS9m/WMLN1CTPUBPmsgw=="],

    "parse-ms": ["parse-ms@4.0.0", "", {}, "sha512-TXfryirbmq34y8QBwgqCVLi+8oA3oWx2eAnSn62ITyEhEYaWRlVZ2DvMM9eZbMs/RfxPu/PK/aBLyGj4IrqMHw=="],

    "path-key": ["path-key@3.1.1", "", {}, "sha512-ojmeN0qd+y0jszEtoY48r0Peq5dwMEkIlCOu6Q5f41lfkswXuKtYrhgoTpLnyIcHm24Uhqx+5Tqm2InSwLhE6Q=="],

    "picocolors": ["picocolors@1.1.1", "", {}, "sha512-xceH2snhtb5M9liqDsmEw56le376mTZkEX/jEb/RxNFyegNul7eNslCXP9FDj/Lcu0X8KEyMceP2ntpaHrDEVA=="],

    "picomatch": ["picomatch@4.0.4", "", {}, "sha512-QP88BAKvMam/3NxH6vj2o21R6MjxZUAd6nlwAS/pnGvN9IVLocLHxGYIzFhg6fUQ+5th6P4dv4eW9jX3DSIj7A=="],

    "pretty-ms": ["pretty-ms@9.3.0", "", { "dependencies": { "parse-ms": "^4.0.0" } }, "sha512-gjVS5hOP+M3wMm5nmNOucbIrqudzs9v/57bWRHQWLYklXqoXKrVfYW2W9+glfGsqtPgpiz5WwyEEB+ksXIx3gQ=="],

    "shebang-command": ["shebang-command@2.0.0", "", { "dependencies": { "shebang-regex": "^3.0.0" } }, "sha512-kHxr2zZpYtdmrN1qDjrrX/Z1rR1kG8Dx+gkpK1G4eXmvXswmcE1hTWBWYUzlraYw1/yZp6YuDY77YtvbN0dmDA=="],

    "shebang-regex": ["shebang-regex@3.0.0", "", {}, "sha512-7++dFhtcx3353uBaq8DDR4NuxBetBzC7ZQOhmTQInHEd6bSrXdiEyzCvG07Z44UYdLShWUyXt5M/yhz8ekcb1A=="],

    "signal-exit": ["signal-exit@4.1.0", "", {}, "sha512-bzyZ1e88w9O1iNJbKnOlvYTrWPDl46O1bG0D3XInv+9tkPrxrN8jUUTiFlDkkmKWgn1M6CfIA13SuGqOa9Korw=="],

    "sisteransi": ["sisteransi@1.0.5", "", {}, "sha512-bLGGlR1QxBcynn2d5YmDX4MGjlZvy2MRBDRNHLJ8VI6l6+9FUiyTFNJ0IveOSP0bcXgVDPRcfGqA0pjaqUpfVg=="],

    "smol-toml": ["smol-toml@1.6.1", "", {}, "sha512-dWUG8F5sIIARXih1DTaQAX4SsiTXhInKf1buxdY9DIg4ZYPZK5nGM1VRIYmEbDbsHt7USo99xSLFu5Q1IqTmsg=="],

    "strip-final-newline": ["strip-final-newline@4.0.0", "", {}, "sha512-aulFJcD6YK8V1G7iRB5tigAP4TsHBZZrOV8pjV++zdUwmeV8uzbY7yn6h9MswN62adStNZFuCIx4haBnRuMDaw=="],

    "tinyglobby": ["tinyglobby@0.2.15", "", { "dependencies": { "fdir": "^6.5.0", "picomatch": "^4.0.3" } }, "sha512-j2Zq4NyQYG5XMST4cbs02Ak8iJUdxRM0XI5QyxXuZOzKOINmWurp3smXu3y5wDcJrptwpSjgXHzIQxR0omXljQ=="],

    "tinypool": ["tinypool@2.1.0", "", {}, "sha512-Pugqs6M0m7Lv1I7FtxN4aoyToKg1C4tu+/381vH35y8oENM/Ai7f7C4StcoK4/+BSw9ebcS8jRiVrORFKCALLw=="],

    "trpc-cli": ["trpc-cli@0.13.0", "", { "dependencies": { "commander": "^14.0.0" }, "peerDependencies": { "@orpc/server": "^1.0.0", "@trpc/server": "^10.45.2 || ^11.0.1", "@valibot/to-json-schema": "^1.1.0", "effect": "^3.14.2 || ^4.0.0", "valibot": "^1.1.0", "zod": "^3.24.0 || ^4.0.0" }, "optionalPeers": ["@orpc/server", "@trpc/server", "@valibot/to-json-schema", "effect", "valibot", "zod"], "bin": { "trpc-cli": "dist/bin.js" } }, "sha512-PsAxaf59kt8joZq9tejS2HfcxbjpuEe53KHj9emprs4GBMqZMfulkbUSkQSm6wcTItYnXKa8+95rAUGpa3sm7w=="],

    "typescript": ["typescript@5.9.3", "", { "bin": { "tsc": "bin/tsc", "tsserver": "bin/tsserver" } }, "sha512-jl1vZzPDinLr9eUt3J/t7V6FgNEw9QjvBPdysz9KfQDD41fQrC2Y4vKQdiaUpFT4bXlb1RHhLpp8wtm6M5TgSw=="],

    "undici-types": ["undici-types@7.18.2", "", {}, "sha512-AsuCzffGHJybSaRrmr5eHr81mwJU3kjw6M+uprWvCXiNeN9SOGwQ3Jn8jb8m3Z6izVgknn1R0FTCEAP2QrLY/w=="],

    "unicorn-magic": ["unicorn-magic@0.3.0", "", {}, "sha512-+QBBXBCvifc56fsbuxZQ6Sic3wqqc3WWaqxs58gvJrcOuN83HGTCwz3oS5phzU9LthRNE9VrJCFCLUgHeeFnfA=="],

    "which": ["which@2.0.2", "", { "dependencies": { "isexe": "^2.0.0" }, "bin": { "node-which": "./bin/node-which" } }, "sha512-BLI3Tl1TW3Pvl70l3yq3Y64i+awpwXqsGBYWkkqMtnbXgrMD+yj7rhW0kuEDxzJaYXGjEW5ogapKNMEKNMjibA=="],

    "yoctocolors": ["yoctocolors@2.1.2", "", {}, "sha512-CzhO+pFNo8ajLM2d2IW/R93ipy99LWjtwblvC1RsoSUMZgyLbYFr221TnSNT7GjGdYui6P459mw9JH/g/zW2ug=="],

    "zod": ["zod@4.3.6", "", {}, "sha512-rftlrkhHZOcjDwkGlnUtZZkvaPHCsDATp4pGpuOOMDaTdDDXF91wuVDJoWoPsKX/3YPQ5fHuF3STjcYyKr+Qhg=="],

    "npm-run-path/path-key": ["path-key@4.0.0", "", {}, "sha512-haREypq7xkM7ErfgIyA0z+Bj4AGKlMSdlQE2jvJo6huWD1EdkKYV+G/T4nq0YEF2vgTT8kqMFKo1uHn950r4SQ=="],
  }
}
